# This file was autogenerated by Stack.
# You should not edit this file by hand.
# For more information, please see the documentation at:
#   https://docs.haskellstack.org/en/stable/lock_files

packages:
- completed:
    hackage: mustache-2.2.3@sha256:4d956b88f379a9294ddaafbd62b695c724bdb82a8e9ac21c3ec4d4acb2442a3b,4016
    pantry-tree:
      size: 1182
      sha256: 068ebe6f632c324c22228bd6b5396c1e4e70412ceb7f74980d310cf379b6b0ee
  original:
    hackage: mustache-2.2.3
- completed:
    hackage: sitepipe-0.1.1@sha256:6ba762a6a54f031c4110d75fab9f11c535b3798b27d10acfe33bf67e55d4fe37,1650
    pantry-tree:
      size: 702
      sha256: 25adfa7a1e3718e03e6a099883cf865e05f500510e604d0fed40a7c4089345ed
  original:
    hackage: sitepipe-0.1.1
snapshots:
- completed:
    size: 514906
    url: https://raw.githubusercontent.com/commercialhaskell/stackage-snapshots/master/lts/8/15.yaml
    sha256: e78b03712c4e9d672323ed3045ac085a5ddff3732863130f12cd661c468c3bbd
  original: lts-8.15
